PODS:
  - AcknowList (1.9.4)
  - DropDown (2.3.13)
  - Firebase/Analytics (6.25.0):
    - Firebase/Core
  - Firebase/Core (6.25.0):
    - Firebase/CoreOnly
    - FirebaseAnalytics (= 6.5.1)
  - Firebase/CoreOnly (6.25.0):
    - FirebaseCore (= 6.7.1)
  - Firebase/Crashlytics (6.25.0):
    - Firebase/CoreOnly
    - FirebaseCrashlytics (~> 4.1.0)
  - Firebase/Messaging (6.25.0):
    - Firebase/CoreOnly
    - FirebaseMessaging (~> 4.4.1)
  - FirebaseAnalytics (6.5.1):
    - FirebaseCore (~> 6.7)
    - FirebaseInstallations (~> 1.2)
    - GoogleAppMeasurement (= 6.5.1)
    - GoogleUtilities/AppDelegateSwizzler (~> 6.0)
    - GoogleUtilities/MethodSwizzler (~> 6.0)
    - GoogleUtilities/Network (~> 6.0)
    - "GoogleUtilities/NSData+zlib (~> 6.0)"
    - nanopb (~> 1.30905.0)
  - FirebaseAnalyticsInterop (1.5.0)
  - FirebaseCore (6.7.1):
    - FirebaseCoreDiagnostics (~> 1.3)
    - FirebaseCoreDiagnosticsInterop (~> 1.2)
    - GoogleUtilities/Environment (~> 6.5)
    - GoogleUtilities/Logger (~> 6.5)
  - FirebaseCoreDiagnostics (1.3.0):
    - FirebaseCoreDiagnosticsInterop (~> 1.2)
    - GoogleDataTransportCCTSupport (~> 3.1)
    - GoogleUtilities/Environment (~> 6.5)
    - GoogleUtilities/Logger (~> 6.5)
    - nanopb (~> 1.30905.0)
  - FirebaseCoreDiagnosticsInterop (1.2.0)
  - FirebaseCrashlytics (4.1.0):
    - FirebaseAnalyticsInterop (~> 1.2)
    - FirebaseCore (~> 6.6)
    - FirebaseInstallations (~> 1.1)
    - GoogleDataTransport (~> 6.1)
    - GoogleDataTransportCCTSupport (~> 3.1)
    - nanopb (~> 1.30905.0)
    - PromisesObjC (~> 1.2)
  - FirebaseInstallations (1.2.0):
    - FirebaseCore (~> 6.6)
    - GoogleUtilities/Environment (~> 6.6)
    - GoogleUtilities/UserDefaults (~> 6.6)
    - PromisesObjC (~> 1.2)
  - FirebaseInstanceID (4.3.4):
    - FirebaseCore (~> 6.6)
    - FirebaseInstallations (~> 1.0)
    - GoogleUtilities/Environment (~> 6.5)
    - GoogleUtilities/UserDefaults (~> 6.5)
  - FirebaseMessaging (4.4.1):
    - FirebaseAnalyticsInterop (~> 1.5)
    - FirebaseCore (~> 6.6)
    - FirebaseInstanceID (~> 4.3)
    - GoogleUtilities/AppDelegateSwizzler (~> 6.5)
    - GoogleUtilities/Environment (~> 6.5)
    - GoogleUtilities/Reachability (~> 6.5)
    - GoogleUtilities/UserDefaults (~> 6.5)
    - Protobuf (>= 3.9.2, ~> 3.9)
  - Google-Maps-iOS-Utils (3.1.4):
    - Google-Maps-iOS-Utils/Clustering (= 3.1.4)
    - Google-Maps-iOS-Utils/Geometry (= 3.1.4)
    - Google-Maps-iOS-Utils/Heatmap (= 3.1.4)
    - Google-Maps-iOS-Utils/QuadTree (= 3.1.4)
    - GoogleMaps
  - Google-Maps-iOS-Utils/Clustering (3.1.4):
    - Google-Maps-iOS-Utils/QuadTree
    - GoogleMaps
  - Google-Maps-iOS-Utils/Geometry (3.1.4):
    - GoogleMaps
  - Google-Maps-iOS-Utils/Heatmap (3.1.4):
    - Google-Maps-iOS-Utils/QuadTree
    - GoogleMaps
  - Google-Maps-iOS-Utils/QuadTree (3.1.4):
    - GoogleMaps
  - GoogleAppMeasurement (6.5.1):
    - GoogleUtilities/AppDelegateSwizzler (~> 6.0)
    - GoogleUtilities/MethodSwizzler (~> 6.0)
    - GoogleUtilities/Network (~> 6.0)
    - "GoogleUtilities/NSData+zlib (~> 6.0)"
    - nanopb (~> 1.30905.0)
  - GoogleDataTransport (6.1.1)
  - GoogleDataTransportCCTSupport (3.1.0):
    - GoogleDataTransport (~> 6.1)
    - nanopb (~> 1.30905.0)
  - GoogleMaps (3.9.0):
    - GoogleMaps/Maps (= 3.9.0)
  - GoogleMaps/Base (3.9.0)
  - GoogleMaps/Maps (3.9.0):
    - GoogleMaps/Base
  - GoogleUtilities/AppDelegateSwizzler (6.6.0):
    - GoogleUtilities/Environment
    - GoogleUtilities/Logger
    - GoogleUtilities/Network
  - GoogleUtilities/Environment (6.6.0):
    - PromisesObjC (~> 1.2)
  - GoogleUtilities/Logger (6.6.0):
    - GoogleUtilities/Environment
  - GoogleUtilities/MethodSwizzler (6.6.0):
    - GoogleUtilities/Logger
  - GoogleUtilities/Network (6.6.0):
    - GoogleUtilities/Logger
    - "GoogleUtilities/NSData+zlib"
    - GoogleUtilities/Reachability
  - "GoogleUtilities/NSData+zlib (6.6.0)"
  - GoogleUtilities/Reachability (6.6.0):
    - GoogleUtilities/Logger
  - GoogleUtilities/UserDefaults (6.6.0):
    - GoogleUtilities/Logger
  - KCOrderedAccessorFix (0.1.1)
  - libPhoneNumber-iOS (0.9.15)
  - M13Checkbox (1.2.0)
  - MaterialComponents/AnimationTiming (109.5.0)
  - MaterialComponents/Availability (109.5.0)
  - MaterialComponents/Buttons (109.5.0):
    - MaterialComponents/Elevation
    - MaterialComponents/Ink
    - MaterialComponents/private/Math
    - MaterialComponents/Ripple
    - MaterialComponents/ShadowElevations
    - MaterialComponents/ShadowLayer
    - MaterialComponents/Shapes
    - MaterialComponents/Typography
    - MDFInternationalization
    - MDFTextAccessibility
  - "MaterialComponents/Buttons+ColorThemer (109.5.0)":
    - MaterialComponents/Buttons
    - MaterialComponents/schemes/Color
  - "MaterialComponents/Buttons+ShapeThemer (109.5.0)":
    - MaterialComponents/Buttons
    - MaterialComponents/schemes/Shape
  - "MaterialComponents/Buttons+Theming (109.5.0)":
    - MaterialComponents/Buttons
    - "MaterialComponents/Buttons+ColorThemer"
    - "MaterialComponents/Buttons+ShapeThemer"
    - "MaterialComponents/Buttons+TypographyThemer"
    - MaterialComponents/schemes/Container
    - MaterialComponents/ShadowElevations
  - "MaterialComponents/Buttons+TypographyThemer (109.5.0)":
    - MaterialComponents/Buttons
    - MaterialComponents/schemes/Typography
  - MaterialComponents/Cards (109.5.0):
    - MaterialComponents/Elevation
    - MaterialComponents/Ink
    - MaterialComponents/private/Icons/ic_check_circle
    - MaterialComponents/private/Math
    - MaterialComponents/Ripple
    - MaterialComponents/ShadowLayer
    - MaterialComponents/Shapes
  - MaterialComponents/Dialogs (109.5.0):
    - MaterialComponents/Buttons
    - MaterialComponents/Elevation
    - MaterialComponents/private/KeyboardWatcher
    - MaterialComponents/private/Math
    - MaterialComponents/ShadowElevations
    - MaterialComponents/ShadowLayer
    - MaterialComponents/Typography
    - MDFInternationalization
  - MaterialComponents/Elevation (109.5.0):
    - MaterialComponents/Availability
    - MaterialComponents/private/Color
    - MaterialComponents/private/Math
  - MaterialComponents/Ink (109.5.0):
    - MaterialComponents/Availability
    - MaterialComponents/private/Color
    - MaterialComponents/private/Math
  - MaterialComponents/Palettes (109.5.0)
  - MaterialComponents/private/Application (109.5.0)
  - MaterialComponents/private/Color (109.5.0):
    - MaterialComponents/Availability
  - MaterialComponents/private/Icons/Base (109.5.0)
  - MaterialComponents/private/Icons/ic_check_circle (109.5.0):
    - MaterialComponents/private/Icons/Base
  - MaterialComponents/private/KeyboardWatcher (109.5.0):
    - MaterialComponents/private/Application
  - MaterialComponents/private/Math (109.5.0)
  - MaterialComponents/Ripple (109.5.0):
    - MaterialComponents/AnimationTiming
    - MaterialComponents/Availability
    - MaterialComponents/private/Color
    - MaterialComponents/private/Math
  - MaterialComponents/schemes/Color (109.5.0):
    - MaterialComponents/Availability
    - MaterialComponents/private/Color
  - MaterialComponents/schemes/Container (109.5.0):
    - MaterialComponents/schemes/Color
    - MaterialComponents/schemes/Shape
    - MaterialComponents/schemes/Typography
  - MaterialComponents/schemes/Shape (109.5.0):
    - MaterialComponents/ShapeLibrary
    - MaterialComponents/Shapes
  - MaterialComponents/schemes/Typography (109.5.0):
    - "MaterialComponents/schemes/Typography+BasicFontScheme"
    - "MaterialComponents/schemes/Typography+Scheming"
    - MaterialComponents/Typography
  - "MaterialComponents/schemes/Typography+BasicFontScheme (109.5.0)"
  - "MaterialComponents/schemes/Typography+Scheming (109.5.0)"
  - MaterialComponents/ShadowElevations (109.5.0)
  - MaterialComponents/ShadowLayer (109.5.0):
    - MaterialComponents/ShadowElevations
  - MaterialComponents/ShapeLibrary (109.5.0):
    - MaterialComponents/private/Math
    - MaterialComponents/Shapes
  - MaterialComponents/Shapes (109.5.0):
    - MaterialComponents/private/Color
    - MaterialComponents/private/Math
    - MaterialComponents/ShadowLayer
  - MaterialComponents/TextFields (109.5.0):
    - MaterialComponents/AnimationTiming
    - MaterialComponents/Buttons
    - MaterialComponents/Elevation
    - MaterialComponents/Palettes
    - MaterialComponents/private/Math
    - MaterialComponents/Typography
    - MDFInternationalization
  - "MaterialComponents/TextFields+ColorThemer (109.5.0)":
    - MaterialComponents/TextFields
    - MaterialComponents/Themes
  - "MaterialComponents/TextFields+Theming (109.5.0)":
    - MaterialComponents/schemes/Container
    - MaterialComponents/TextFields
    - "MaterialComponents/TextFields+ColorThemer"
  - MaterialComponents/Themes (109.5.0):
    - MaterialComponents/schemes/Color
    - MaterialComponents/schemes/Typography
  - MaterialComponents/Typography (109.5.0):
    - MaterialComponents/private/Application
    - MaterialComponents/private/Math
  - MDFInternationalization (2.0.0)
  - MDFTextAccessibility (2.0.0)
  - MKNetworkKit (0.87):
    - Reachability (~> 3.1.0)
  - nanopb (1.30905.0):
    - nanopb/decode (= 1.30905.0)
    - nanopb/encode (= 1.30905.0)
  - nanopb/decode (1.30905.0)
  - nanopb/encode (1.30905.0)
  - OAStackView (1.0.1)
  - PromisesObjC (1.2.8)
  - Protobuf (3.12.0)
  - QRCodeReader.swift (10.1.0)
  - Reachability (3.1.1)
  - RMActionController (1.3.1)
  - RMDateSelectionViewController (2.3.1):
    - RMActionController (~> 1.3.1)
  - Toast-Swift (5.0.1)
  - UIImage-Resize (1.0.1)

DEPENDENCIES:
  - AcknowList
  - DropDown
  - Firebase/Analytics
  - Firebase/Crashlytics
  - Firebase/Messaging
  - Google-Maps-iOS-Utils (~> 3.1.4)
  - GoogleMaps
  - KCOrderedAccessorFix
  - libPhoneNumber-iOS (~> 0.8)
  - M13Checkbox (~> 1.2.0)
  - MaterialComponents/Buttons
  - "MaterialComponents/Buttons+Theming"
  - MaterialComponents/Cards
  - MaterialComponents/Dialogs
  - MaterialComponents/TextFields
  - "MaterialComponents/TextFields+Theming"
  - MKNetworkKit
  - OAStackView
  - Protobuf
  - QRCodeReader.swift
  - RMDateSelectionViewController (~> 2.3.1)
  - Toast-Swift (~> 5.0.0)
  - UIImage-Resize

SPEC REPOS:
  trunk:
    - AcknowList
    - DropDown
    - Firebase
    - FirebaseAnalytics
    - FirebaseAnalyticsInterop
    - FirebaseCore
    - FirebaseCoreDiagnostics
    - FirebaseCoreDiagnosticsInterop
    - FirebaseCrashlytics
    - FirebaseInstallations
    - FirebaseInstanceID
    - FirebaseMessaging
    - Google-Maps-iOS-Utils
    - GoogleAppMeasurement
    - GoogleDataTransport
    - GoogleDataTransportCCTSupport
    - GoogleMaps
    - GoogleUtilities
    - KCOrderedAccessorFix
    - libPhoneNumber-iOS
    - M13Checkbox
    - MaterialComponents
    - MDFInternationalization
    - MDFTextAccessibility
    - MKNetworkKit
    - nanopb
    - OAStackView
    - PromisesObjC
    - Protobuf
    - QRCodeReader.swift
    - Reachability
    - RMActionController
    - RMDateSelectionViewController
    - Toast-Swift
    - UIImage-Resize

SPEC CHECKSUMS:
  AcknowList: a236060b8c33141d7756814fd21d5dab477fc193
  DropDown: 8a2116376c1981888557f72ec2ffc9a5e0e456ec
  Firebase: 5719b4f965f76643241a1bb8244483ff6117db39
  FirebaseAnalytics: 93565f3f0f0f50a5d8770850bfe6a82eaba5db27
  FirebaseAnalyticsInterop: 3f86269c38ae41f47afeb43ebf32a001f58fcdae
  FirebaseCore: 6023faeada5afa95a349fccafb40900e32e9ac42
  FirebaseCoreDiagnostics: 4a773a47bd83bbd5a9b1ccf1ce7caa8b2d535e67
  FirebaseCoreDiagnosticsInterop: 296e2c5f5314500a850ad0b83e9e7c10b011a850
  FirebaseCrashlytics: fff345f16a07f0b23cb342d8de5a42cec6de3492
  FirebaseInstallations: 2119fb3e46b0a88bfdbf12562f855ee3252462fa
  FirebaseInstanceID: cef67c4967c7cecb56ea65d8acbb4834825c587b
  FirebaseMessaging: 29543feb343b09546ab3aa04d008ee8595b43c44
  Google-Maps-iOS-Utils: 1e51ca272b4f4befdf3577bf46f58c22ef22062c
  GoogleAppMeasurement: 137afe68bfa406c3f4221b9395253d9e5d4654cf
  GoogleDataTransport: ad884314b81cdb808fb1d23787b367ff8da4e28a
  GoogleDataTransportCCTSupport: d70a561f7d236af529fee598835caad5e25f6d3d
  GoogleMaps: 4b5346bddfe6911bb89155d43c903020170523ac
  GoogleUtilities: 39530bc0ad980530298e9c4af8549e991fd033b1
  KCOrderedAccessorFix: 53c6f2bb13c9a163590f414536eccd2f103e3189
  libPhoneNumber-iOS: 0a32a9525cf8744fe02c5206eb30d571e38f7d75
  M13Checkbox: 741b406a1d72415e3e3af9b9b6347ff345ed2f97
  MaterialComponents: 7698cdf7eacb5f192456dbbe597aa7a8857fa3ef
  MDFInternationalization: 010097556d6b09d2c4ea38e0820ea6d37be6a314
  MDFTextAccessibility: 85c09a1bd9c321f494348e632a25063bcda35a53
  MKNetworkKit: 60ad3c83b62183e40ba75ce772c9427c25b520de
  nanopb: c43f40fadfe79e8b8db116583945847910cbabc9
  OAStackView: 95e7cb79cbea25c2342f496a44bdbe8bd4c8d510
  PromisesObjC: c119f3cd559f50b7ae681fa59dc1acd19173b7e6
  Protobuf: 2793fcd0622a00b546c60e7cbbcc493e043e9bb9
  QRCodeReader.swift: 373a389fe9a22d513c879a32a6f647c58f4ef572
  Reachability: dd9aa4fb6667b9f787690a74f53cb7634ce99893
  RMActionController: 535715be9f3d9eb96a838485370dcccee0dda597
  RMDateSelectionViewController: 1157d34245e6a1dda700e8a9c44417321d181951
  Toast-Swift: 9b6a70f28b3bf0b96c40d46c0c4b9d6639846711
  UIImage-Resize: fa776860f10e6900bbaf53a73e494bdceaaccc77

PODFILE CHECKSUM: e17c83ee4eb8689adeefce98f504d46e02477c39

COCOAPODS: 1.9.3
