PODS:
  - AcknowList (2.0.3)
  - AJJTypedNotification (2.0.1)
  - Alamofire (5.6.1)
  - AsyncSwift (2.0.4)
  - DifferenceKit (1.2.0):
    - DifferenceKit/Core (= 1.2.0)
    - DifferenceKit/UIKitExtension (= 1.2.0)
  - DifferenceKit/Core (1.2.0)
  - DifferenceKit/UIKitExtension (1.2.0):
    - DifferenceKit/Core
  - DropDown (2.3.13)
  - Firebase/AnalyticsWithoutAdIdSupport (8.2.0):
    - Firebase/CoreOnly
    - FirebaseAnalytics/WithoutAdIdSupport (~> 8.2.0)
  - Firebase/CoreOnly (8.2.0):
    - FirebaseCore (= 8.2.0)
  - Firebase/Crashlytics (8.2.0):
    - Firebase/CoreOnly
    - FirebaseCrashlytics (~> 8.2.0)
  - Firebase/Messaging (8.2.0):
    - Firebase/CoreOnly
    - FirebaseMessaging (~> 8.2.0)
  - Firebase/RemoteConfig (8.2.0):
    - Firebase/CoreOnly
    - FirebaseRemoteConfig (~> 8.2.0)
  - FirebaseABTesting (8.2.0):
    - FirebaseCore (~> 8.0)
  - FirebaseAnalytics/WithoutAdIdSupport (8.2.0):
    - FirebaseCore (~> 8.0)
    - FirebaseInstallations (~> 8.0)
    - GoogleAppMeasurement/WithoutAdIdSupport (= 8.2.0)
    - GoogleUtilities/AppDelegateSwizzler (~> 7.4)
    - GoogleUtilities/MethodSwizzler (~> 7.4)
    - GoogleUtilities/Network (~> 7.4)
    - "GoogleUtilities/NSData+zlib (~> 7.4)"
    - nanopb (~> 2.30908.0)
  - FirebaseCore (8.2.0):
    - FirebaseCoreDiagnostics (~> 8.0)
    - GoogleUtilities/Environment (~> 7.4)
    - GoogleUtilities/Logger (~> 7.4)
  - FirebaseCoreDiagnostics (8.2.0):
    - GoogleDataTransport (~> 9.0)
    - GoogleUtilities/Environment (~> 7.4)
    - GoogleUtilities/Logger (~> 7.4)
    - nanopb (~> 2.30908.0)
  - FirebaseCrashlytics (8.2.0):
    - FirebaseCore (~> 8.0)
    - FirebaseInstallations (~> 8.0)
    - GoogleDataTransport (~> 9.0)
    - nanopb (~> 2.30908.0)
    - PromisesObjC (~> 1.2)
  - FirebaseInstallations (8.2.0):
    - FirebaseCore (~> 8.0)
    - GoogleUtilities/Environment (~> 7.4)
    - GoogleUtilities/UserDefaults (~> 7.4)
    - PromisesObjC (~> 1.2)
  - FirebaseMessaging (8.2.0):
    - FirebaseCore (~> 8.0)
    - FirebaseInstallations (~> 8.0)
    - GoogleUtilities/AppDelegateSwizzler (~> 7.4)
    - GoogleUtilities/Environment (~> 7.4)
    - GoogleUtilities/Reachability (~> 7.4)
    - GoogleUtilities/UserDefaults (~> 7.4)
  - FirebaseRemoteConfig (8.2.0):
    - FirebaseABTesting (~> 8.0)
    - FirebaseCore (~> 8.0)
    - FirebaseInstallations (~> 8.0)
    - GoogleUtilities/Environment (~> 7.4)
    - "GoogleUtilities/NSData+zlib (~> 7.4)"
  - Google-Maps-iOS-Utils (3.4.2):
    - Google-Maps-iOS-Utils/Clustering (= 3.4.2)
    - Google-Maps-iOS-Utils/Geometry (= 3.4.2)
    - Google-Maps-iOS-Utils/Heatmap (= 3.4.2)
    - Google-Maps-iOS-Utils/QuadTree (= 3.4.2)
    - GoogleMaps
  - Google-Maps-iOS-Utils/Clustering (3.4.2):
    - Google-Maps-iOS-Utils/QuadTree
    - GoogleMaps
  - Google-Maps-iOS-Utils/Geometry (3.4.2):
    - GoogleMaps
  - Google-Maps-iOS-Utils/Heatmap (3.4.2):
    - Google-Maps-iOS-Utils/QuadTree
    - GoogleMaps
  - Google-Maps-iOS-Utils/QuadTree (3.4.2):
    - GoogleMaps
  - GoogleAppMeasurement/WithoutAdIdSupport (8.2.0):
    - GoogleUtilities/AppDelegateSwizzler (~> 7.4)
    - GoogleUtilities/MethodSwizzler (~> 7.4)
    - GoogleUtilities/Network (~> 7.4)
    - "GoogleUtilities/NSData+zlib (~> 7.4)"
    - nanopb (~> 2.30908.0)
  - GoogleDataTransport (9.0.1):
    - GoogleUtilities/Environment (~> 7.2)
    - nanopb (~> 2.30908.0)
    - PromisesObjC (~> 1.2)
  - GoogleMaps (4.1.0):
    - GoogleMaps/Maps (= 4.1.0)
  - GoogleMaps/Base (4.1.0)
  - GoogleMaps/Maps (4.1.0):
    - GoogleMaps/Base
  - GoogleUtilities/AppDelegateSwizzler (7.4.3):
    - GoogleUtilities/Environment
    - GoogleUtilities/Logger
    - GoogleUtilities/Network
  - GoogleUtilities/Environment (7.4.3):
    - PromisesObjC (~> 1.2)
  - GoogleUtilities/Logger (7.4.3):
    - GoogleUtilities/Environment
  - GoogleUtilities/MethodSwizzler (7.4.3):
    - GoogleUtilities/Logger
  - GoogleUtilities/Network (7.4.3):
    - GoogleUtilities/Logger
    - "GoogleUtilities/NSData+zlib"
    - GoogleUtilities/Reachability
  - "GoogleUtilities/NSData+zlib (7.4.3)"
  - GoogleUtilities/Reachability (7.4.3):
    - GoogleUtilities/Logger
  - GoogleUtilities/UserDefaults (7.4.3):
    - GoogleUtilities/Logger
  - KCOrderedAccessorFix (0.1.1)
  - Kingfisher (6.3.1)
  - libPhoneNumber-iOS (0.9.15)
  - M13Checkbox (1.2.0)
  - MaterialComponents/AnimationTiming (124.2.0)
  - MaterialComponents/Availability (124.2.0)
  - MaterialComponents/Buttons (124.2.0):
    - MaterialComponents/Elevation
    - MaterialComponents/Ink
    - MaterialComponents/private/Math
    - MaterialComponents/Ripple
    - MaterialComponents/Shadow
    - MaterialComponents/ShadowElevations
    - MaterialComponents/ShadowLayer
    - MaterialComponents/ShapeLibrary
    - MaterialComponents/Shapes
    - MaterialComponents/Typography
    - MDFInternationalization
    - MDFTextAccessibility
  - "MaterialComponents/Buttons+ColorThemer (124.2.0)":
    - MaterialComponents/Buttons
    - MaterialComponents/schemes/Color
  - "MaterialComponents/Buttons+ShapeThemer (124.2.0)":
    - MaterialComponents/Buttons
    - MaterialComponents/schemes/Shape
  - "MaterialComponents/Buttons+Theming (124.2.0)":
    - MaterialComponents/Buttons
    - "MaterialComponents/Buttons+ColorThemer"
    - "MaterialComponents/Buttons+ShapeThemer"
    - "MaterialComponents/Buttons+TypographyThemer"
    - MaterialComponents/schemes/Container
    - MaterialComponents/ShadowElevations
  - "MaterialComponents/Buttons+TypographyThemer (124.2.0)":
    - MaterialComponents/Buttons
    - MaterialComponents/schemes/Typography
  - MaterialComponents/Cards (124.2.0):
    - MaterialComponents/Elevation
    - MaterialComponents/Ink
    - MaterialComponents/private/Icons/ic_check_circle
    - MaterialComponents/private/Math
    - MaterialComponents/Ripple
    - MaterialComponents/ShadowLayer
    - MaterialComponents/Shapes
  - MaterialComponents/Chips (124.2.0):
    - MaterialComponents/Elevation
    - MaterialComponents/Ink
    - MaterialComponents/private/Math
    - MaterialComponents/Ripple
    - MaterialComponents/ShadowElevations
    - MaterialComponents/ShadowLayer
    - MaterialComponents/ShapeLibrary
    - MaterialComponents/Shapes
    - MaterialComponents/TextFields
    - MaterialComponents/Typography
    - MDFInternationalization
  - MaterialComponents/Dialogs (124.2.0):
    - MaterialComponents/Buttons
    - MaterialComponents/Elevation
    - MaterialComponents/private/KeyboardWatcher
    - MaterialComponents/private/Math
    - MaterialComponents/ShadowElevations
    - MaterialComponents/ShadowLayer
    - MaterialComponents/Typography
    - MDFInternationalization
  - MaterialComponents/Elevation (124.2.0):
    - MaterialComponents/Availability
    - MaterialComponents/private/Color
    - MaterialComponents/private/Math
  - MaterialComponents/Ink (124.2.0):
    - MaterialComponents/Availability
    - MaterialComponents/private/Color
    - MaterialComponents/private/Math
  - MaterialComponents/Palettes (124.2.0)
  - MaterialComponents/private/Application (124.2.0)
  - MaterialComponents/private/Color (124.2.0):
    - MaterialComponents/Availability
  - MaterialComponents/private/Icons/Base (124.2.0)
  - MaterialComponents/private/Icons/ic_check_circle (124.2.0):
    - MaterialComponents/private/Icons/Base
  - MaterialComponents/private/KeyboardWatcher (124.2.0):
    - MaterialComponents/private/Application
  - MaterialComponents/private/Math (124.2.0)
  - "MaterialComponents/private/TextControlsPrivate+BaseStyle (124.2.0)":
    - MaterialComponents/AnimationTiming
    - MaterialComponents/private/Math
    - "MaterialComponents/private/TextControlsPrivate+Shared"
  - "MaterialComponents/private/TextControlsPrivate+FilledStyle (124.2.0)":
    - MaterialComponents/AnimationTiming
    - MaterialComponents/Availability
    - MaterialComponents/private/Math
    - "MaterialComponents/private/TextControlsPrivate+Shared"
    - "MaterialComponents/private/TextControlsPrivate+UnderlinedStyle"
  - "MaterialComponents/private/TextControlsPrivate+Shared (124.2.0)":
    - MaterialComponents/AnimationTiming
    - MaterialComponents/private/Math
    - "MaterialComponents/TextControls+Enums"
  - "MaterialComponents/private/TextControlsPrivate+TextFields (124.2.0)":
    - MaterialComponents/private/Math
    - "MaterialComponents/private/TextControlsPrivate+Shared"
  - "MaterialComponents/private/TextControlsPrivate+UnderlinedStyle (124.2.0)":
    - MaterialComponents/AnimationTiming
    - MaterialComponents/Availability
    - MaterialComponents/private/Math
    - "MaterialComponents/private/TextControlsPrivate+Shared"
  - MaterialComponents/ProgressView (124.2.0):
    - MaterialComponents/Palettes
    - MaterialComponents/private/Math
    - MDFInternationalization
  - MaterialComponents/Ripple (124.2.0):
    - MaterialComponents/AnimationTiming
    - MaterialComponents/Availability
    - MaterialComponents/private/Color
    - MaterialComponents/private/Math
  - MaterialComponents/schemes/Color (124.2.0):
    - MaterialComponents/Availability
    - MaterialComponents/private/Color
  - MaterialComponents/schemes/Container (124.2.0):
    - MaterialComponents/schemes/Color
    - MaterialComponents/schemes/Shape
    - MaterialComponents/schemes/Typography
  - MaterialComponents/schemes/Shape (124.2.0):
    - MaterialComponents/ShapeLibrary
    - MaterialComponents/Shapes
  - MaterialComponents/schemes/Typography (124.2.0):
    - "MaterialComponents/schemes/Typography+BasicFontScheme"
    - "MaterialComponents/schemes/Typography+Scheming"
    - MaterialComponents/Typography
  - "MaterialComponents/schemes/Typography+BasicFontScheme (124.2.0)"
  - "MaterialComponents/schemes/Typography+Scheming (124.2.0)"
  - MaterialComponents/Shadow (124.2.0):
    - MaterialComponents/Availability
  - MaterialComponents/ShadowElevations (124.2.0)
  - MaterialComponents/ShadowLayer (124.2.0):
    - MaterialComponents/ShadowElevations
  - MaterialComponents/ShapeLibrary (124.2.0):
    - MaterialComponents/private/Math
    - MaterialComponents/Shapes
  - MaterialComponents/Shapes (124.2.0):
    - MaterialComponents/private/Color
    - MaterialComponents/private/Math
    - MaterialComponents/ShadowLayer
  - "MaterialComponents/TextControls+BaseTextAreas (124.2.0)":
    - "MaterialComponents/private/TextControlsPrivate+BaseStyle"
    - "MaterialComponents/private/TextControlsPrivate+Shared"
    - MDFInternationalization
  - "MaterialComponents/TextControls+BaseTextFields (124.2.0)":
    - "MaterialComponents/private/TextControlsPrivate+BaseStyle"
    - "MaterialComponents/private/TextControlsPrivate+Shared"
    - "MaterialComponents/private/TextControlsPrivate+TextFields"
    - MDFInternationalization
  - "MaterialComponents/TextControls+Enums (124.2.0)"
  - "MaterialComponents/TextControls+FilledTextAreas (124.2.0)":
    - MaterialComponents/Availability
    - "MaterialComponents/private/TextControlsPrivate+FilledStyle"
    - "MaterialComponents/TextControls+BaseTextAreas"
  - "MaterialComponents/TextControls+UnderlinedTextFields (124.2.0)":
    - MaterialComponents/Availability
    - "MaterialComponents/private/TextControlsPrivate+UnderlinedStyle"
    - "MaterialComponents/TextControls+BaseTextFields"
  - MaterialComponents/TextFields (124.2.0):
    - MaterialComponents/AnimationTiming
    - MaterialComponents/Buttons
    - MaterialComponents/Elevation
    - MaterialComponents/Palettes
    - MaterialComponents/private/Math
    - MaterialComponents/Typography
    - MDFInternationalization
  - MaterialComponents/Typography (124.2.0):
    - MaterialComponents/private/Application
    - MaterialComponents/private/Math
    - MDFTextAccessibility
  - MDFInternationalization (2.0.0)
  - MDFTextAccessibility (2.0.1)
  - MKNetworkKit (0.87):
    - Reachability (~> 3.1.0)
  - MultiSelectSegmentedControl (2.2.0):
    - SweeterSwift
  - nanopb (2.30908.0):
    - nanopb/decode (= 2.30908.0)
    - nanopb/encode (= 2.30908.0)
  - nanopb/decode (2.30908.0)
  - nanopb/encode (2.30908.0)
  - OverlayContainer (3.5.2)
  - Pageboy (3.6.2)
  - PromisesObjC (1.2.12)
  - Protobuf (3.12.0)
  - QRCodeReader.swift (10.1.0)
  - Reachability (3.1.1)
  - RMActionController (1.3.1)
  - RMDateSelectionViewController (2.3.1):
    - RMActionController (~> 1.3.1)
  - Siren (5.5.1)
  - SnapKit (5.0.1)
  - SweeterSwift (1.2.1)
  - Tabman (2.12.0):
    - Pageboy (~> 3.6.0)
  - Toast-Swift (5.0.1)
  - UIImage-Resize (1.0.1)

DEPENDENCIES:
  - AcknowList
  - AJJTypedNotification (~> 2.0)
  - Alamofire
  - AsyncSwift
  - DifferenceKit
  - DropDown
  - Firebase/AnalyticsWithoutAdIdSupport
  - Firebase/Crashlytics
  - Firebase/Messaging
  - Firebase/RemoteConfig
  - Google-Maps-iOS-Utils
  - GoogleMaps
  - KCOrderedAccessorFix
  - Kingfisher (~> 6.0)
  - libPhoneNumber-iOS (~> 0.8)
  - M13Checkbox (~> 1.2.0)
  - MaterialComponents/Buttons (~> 124.2.0)
  - "MaterialComponents/Buttons+Theming (~> 124.2.0)"
  - MaterialComponents/Cards (~> 124.2.0)
  - MaterialComponents/Chips (~> 124.2.0)
  - MaterialComponents/Dialogs (~> 124.2.0)
  - MaterialComponents/ProgressView (~> 124.2.0)
  - "MaterialComponents/TextControls+FilledTextAreas (~> 124.2.0)"
  - "MaterialComponents/TextControls+UnderlinedTextFields (~> 124.2.0)"
  - MKNetworkKit
  - MultiSelectSegmentedControl
  - OverlayContainer
  - Protobuf
  - QRCodeReader.swift
  - RMDateSelectionViewController (~> 2.3.1)
  - Siren
  - SnapKit (~> 5.0.0)
  - Tabman (~> 2.12)
  - Toast-Swift (~> 5.0.0)
  - UIImage-Resize

SPEC REPOS:
  trunk:
    - AcknowList
    - AJJTypedNotification
    - Alamofire
    - AsyncSwift
    - DifferenceKit
    - DropDown
    - Firebase
    - FirebaseABTesting
    - FirebaseAnalytics
    - FirebaseCore
    - FirebaseCoreDiagnostics
    - FirebaseCrashlytics
    - FirebaseInstallations
    - FirebaseMessaging
    - FirebaseRemoteConfig
    - Google-Maps-iOS-Utils
    - GoogleAppMeasurement
    - GoogleDataTransport
    - GoogleMaps
    - GoogleUtilities
    - KCOrderedAccessorFix
    - Kingfisher
    - libPhoneNumber-iOS
    - M13Checkbox
    - MaterialComponents
    - MDFInternationalization
    - MDFTextAccessibility
    - MKNetworkKit
    - MultiSelectSegmentedControl
    - nanopb
    - OverlayContainer
    - Pageboy
    - PromisesObjC
    - Protobuf
    - QRCodeReader.swift
    - Reachability
    - RMActionController
    - RMDateSelectionViewController
    - Siren
    - SnapKit
    - SweeterSwift
    - Tabman
    - Toast-Swift
    - UIImage-Resize

SPEC CHECKSUMS:
  AcknowList: 6d4faca4c3e0173377fe5649e086d627cd60b003
  AJJTypedNotification: 1a5109b3ebca44cab1c6444c2a8a509b22e33c1b
  Alamofire: 87bd8c952f9a4454320fce00d9cc3de57bcadaf5
  AsyncSwift: 65775a7b32e740609b24969ece3de58723b9dc3e
  DifferenceKit: 5659c430bb7fe45876fa32ce5cba5d6167f0c805
  DropDown: 8a2116376c1981888557f72ec2ffc9a5e0e456ec
  Firebase: 12c568897b807321964e89d2b263ef4c6cff3db6
  FirebaseABTesting: 5f37131c5eceea579c471c915f7a0f8cad484d1f
  FirebaseAnalytics: 7a744b1e7dc50125cb37714c6bdaea167e412082
  FirebaseCore: 3a83f24c3de69ec9f9a426e2598125ea51f3a2ce
  FirebaseCoreDiagnostics: 61384f54989065b15c36b5922b65112e86811d3c
  FirebaseCrashlytics: 935dbdb043a286ca92a22d15e5780802403ea0ea
  FirebaseInstallations: 9394ea09e242bf0816e95ac30e56a9214cc86ced
  FirebaseMessaging: abe18570508ef84ab6957bba35871410457ed588
  FirebaseRemoteConfig: 6695557b3dac704527c952502e799586941d399e
  Google-Maps-iOS-Utils: e8826ab68a4f81355a8e70678507a93cc6aab06b
  GoogleAppMeasurement: b52eafc9dff542d580700e708216568bd2fbf168
  GoogleDataTransport: 04c3e9a480bbcaa2ec3f5d27f1cdeb6a92f20c8d
  GoogleMaps: 008e2c80e38605b56b560e8deb73d4194ff30bef
  GoogleUtilities: 45dbb24a7f351d69d0a601482b39ad6c32e30dab
  KCOrderedAccessorFix: 53c6f2bb13c9a163590f414536eccd2f103e3189
  Kingfisher: 016c8b653a35add51dd34a3aba36b580041acc74
  libPhoneNumber-iOS: 0a32a9525cf8744fe02c5206eb30d571e38f7d75
  M13Checkbox: 741b406a1d72415e3e3af9b9b6347ff345ed2f97
  MaterialComponents: 1a9b2d9d45b1601ae544de85089adc4c464306d4
  MDFInternationalization: 010097556d6b09d2c4ea38e0820ea6d37be6a314
  MDFTextAccessibility: f4bb4cc2194286651b59a215fdeaa0e05dc90ba5
  MKNetworkKit: 60ad3c83b62183e40ba75ce772c9427c25b520de
  MultiSelectSegmentedControl: e34388e5d8de55a43ba0191662246c655f5b9d5a
  nanopb: a0ba3315591a9ae0a16a309ee504766e90db0c96
  OverlayContainer: 6b2727437ee7d76dc22b00d0275a94c9191f962a
  Pageboy: cf121b9dd48c63f3f281b2a9ec93d02e0f23879b
  PromisesObjC: 3113f7f76903778cf4a0586bd1ab89329a0b7b97
  Protobuf: 2793fcd0622a00b546c60e7cbbcc493e043e9bb9
  QRCodeReader.swift: 373a389fe9a22d513c879a32a6f647c58f4ef572
  Reachability: dd9aa4fb6667b9f787690a74f53cb7634ce99893
  RMActionController: 535715be9f3d9eb96a838485370dcccee0dda597
  RMDateSelectionViewController: 1157d34245e6a1dda700e8a9c44417321d181951
  Siren: 645909bdb55ace938ea73a85942acb5a88494284
  SnapKit: 97b92857e3df3a0c71833cce143274bf6ef8e5eb
  SweeterSwift: 61baeda1c0c27d1dc57c8112c3d6a82e5aff3139
  Tabman: 447a50447ed2869c39ab3b1a779327e43e067c4e
  Toast-Swift: 9b6a70f28b3bf0b96c40d46c0c4b9d6639846711
  UIImage-Resize: fa776860f10e6900bbaf53a73e494bdceaaccc77

PODFILE CHECKSUM: 8d954b2c5b903f74b4e70f395c99ee37a02e78ab

COCOAPODS: 1.12.1
